
Microsoft Visual Studio Solution File, Format Version 12.00
# Visual Studio Version 17
VisualStudioVersion = 17.13.35931.197
MinimumVisualStudioVersion = 10.0.40219.1
Project("{2150E333-8FDC-42A3-9474-1A3956D46DE8}") = "Backend", "Backend", "{02EA681E-C7D8-13C7-8484-4AC65E1B71E8}"
EndProject
Project("{2150E333-8FDC-42A3-9474-1A3956D46DE8}") = "Frontend", "Frontend", "{A5802BC2-FB97-425E-B03F-EB6BCC8253A7}"
EndProject
Project("{2150E333-8FDC-42A3-9474-1A3956D46DE8}") = "5-Shared", "5-Shared", "{CA86C925-0FFC-48D0-96E4-520DBBC7AE9D}"
EndProject
Project("{2150E333-8FDC-42A3-9474-1A3956D46DE8}") = "4-Infrastructure", "4-Infrastructure", "{84E1922C-F5F3-4624-AD75-EA6CE6678B16}"
EndProject
Project("{2150E333-8FDC-42A3-9474-1A3956D46DE8}") = "1-Presentation", "1-Presentation", "{B1893C2C-0EED-4E0A-B909-F4B29DEB4E93}"
EndProject
Project("{2150E333-8FDC-42A3-9474-1A3956D46DE8}") = "3-Domain", "3-Domain", "{5A57D5E2-1889-41F4-9C1E-A1DA71E0AF28}"
EndProject
Project("{2150E333-8FDC-42A3-9474-1A3956D46DE8}") = "2-Application", "2-Application", "{3F1C4D5A-82CE-4423-9B11-DB584025079F}"
EndProject
Project("{FAE04EC0-301F-11D3-BF4B-00C04F79EFBC}") = "GeneralWebApi.Contracts", "src\1-Presentation\GeneralWebApi.Contracts\GeneralWebApi.Contracts.csproj", "{477126AC-1E7E-8DE0-6DCA-E52693BB4643}"
EndProject
Project("{FAE04EC0-301F-11D3-BF4B-00C04F79EFBC}") = "GeneralWebApi", "src\1-Presentation\GeneralWebApi.WebApi\GeneralWebApi.csproj", "{6681484B-C75E-338D-B3FC-BBC8A91D1201}"
EndProject
Project("{FAE04EC0-301F-11D3-BF4B-00C04F79EFBC}") = "GeneralWebApi.Abstractions", "src\2-Application\GeneralWebApi.Abstractions\GeneralWebApi.Abstractions.csproj", "{90CF068C-85A3-24AA-E39D-AB50124A59A8}"
EndProject
Project("{FAE04EC0-301F-11D3-BF4B-00C04F79EFBC}") = "GeneralWebApi.Application", "src\2-Application\GeneralWebApi.Application\GeneralWebApi.Application.csproj", "{D05A0B77-03E0-B32B-03D3-C427FE910DF9}"
EndProject
Project("{FAE04EC0-301F-11D3-BF4B-00C04F79EFBC}") = "GeneralWebApi.Application.Common", "src\2-Application\GeneralWebApi.Application.Common\GeneralWebApi.Application.Common.csproj", "{AC371D73-F8DC-4F9E-0829-BEB2ECF4557B}"
EndProject
Project("{FAE04EC0-301F-11D3-BF4B-00C04F79EFBC}") = "GeneralWebApi.DTOs", "src\2-Application\GeneralWebApi.DTOs\GeneralWebApi.DTOs.csproj", "{78B78B7B-6A09-E68B-63D6-686C4773F0EC}"
EndProject
Project("{FAE04EC0-301F-11D3-BF4B-00C04F79EFBC}") = "GeneralWebApi.Domain", "src\3-Domain\GeneralWebApi.Domain\GeneralWebApi.Domain.csproj", "{6785F1C2-D17C-5CA5-CBB3-770E498D0A90}"
EndProject
Project("{FAE04EC0-301F-11D3-BF4B-00C04F79EFBC}") = "GeneralWebApi.Domain.Shared", "src\3-Domain\GeneralWebApi.Domain.Shared\GeneralWebApi.Domain.Shared.csproj", "{4C519E76-5B68-E5FB-F8C5-5FDBA30C409A}"
EndProject
Project("{FAE04EC0-301F-11D3-BF4B-00C04F79EFBC}") = "GeneralWebApi.Caching", "src\4-Infrastructure\GeneralWebApi.Caching\GeneralWebApi.Caching.csproj", "{CFEB2B2D-0AAF-5DED-9056-98750E11378B}"
EndProject
Project("{FAE04EC0-301F-11D3-BF4B-00C04F79EFBC}") = "GeneralWebApi.Email", "src\4-Infrastructure\GeneralWebApi.Email\GeneralWebApi.Email.csproj", "{4BCA1FBB-3D9F-04C1-BE50-64DE054192C3}"
EndProject
Project("{FAE04EC0-301F-11D3-BF4B-00C04F79EFBC}") = "GeneralWebApi.Identity", "src\4-Infrastructure\GeneralWebApi.Identity\GeneralWebApi.Identity.csproj", "{3E702B45-A6A4-7EEC-BE54-69D5705385FF}"
EndProject
Project("{FAE04EC0-301F-11D3-BF4B-00C04F79EFBC}") = "GeneralWebApi.Integration", "src\4-Infrastructure\GeneralWebApi.Integration\GeneralWebApi.Integration.csproj", "{421A38B6-2191-9138-90DF-C3D853A38927}"
EndProject
Project("{FAE04EC0-301F-11D3-BF4B-00C04F79EFBC}") = "GeneralWebApi.Logging", "src\4-Infrastructure\GeneralWebApi.Logging\GeneralWebApi.Logging.csproj", "{0C029B5F-C633-C7C5-7877-589570458E4E}"
EndProject
Project("{FAE04EC0-301F-11D3-BF4B-00C04F79EFBC}") = "GeneralWebApi.Common", "src\5-Shared\GeneralWebApi.Common\GeneralWebApi.Common.csproj", "{E489A196-ECE8-75F2-EE1A-70E4926DDDDF}"
EndProject
Project("{FAE04EC0-301F-11D3-BF4B-00C04F79EFBC}") = "GeneralWebApi.Shared", "src\5-Shared\GeneralWebApi.Shared\GeneralWebApi.Shared.csproj", "{8A8492AB-37D6-1E2B-FDAF-3C56A46E434B}"
EndProject
Project("{2150E333-8FDC-42A3-9474-1A3956D46DE8}") = "src", "src", "{827E0CD3-B72D-47B6-A68D-7590B98EB39B}"
EndProject
Project("{2150E333-8FDC-42A3-9474-1A3956D46DE8}") = "4-Infrastructure", "4-Infrastructure", "{F7E8214F-53C2-3214-ED42-401E85FD48C9}"
EndProject
Project("{FAE04EC0-301F-11D3-BF4B-00C04F79EFBC}") = "GeneralWebApi.FileOperation", "src\4-Infrastructure\GeneralWebApi.FileOperation\GeneralWebApi.FileOperation.csproj", "{0DA4B988-A899-5FE2-B14D-20F66A4EB355}"
EndProject
Project("{FAE04EC0-301F-11D3-BF4B-00C04F79EFBC}") = "GeneralWebApi.HttpClient", "src\4-Infrastructure\GeneralWebApi.HttpClient\GeneralWebApi.HttpClient.csproj", "{35618E09-51ED-046A-3CE3-7EC37BE5C3B7}"
EndProject
Project("{FAE04EC0-301F-11D3-BF4B-00C04F79EFBC}") = "GeneralWebApi.Scheduler", "src\4-Infrastructure\GeneralWebApi.Scheduler\GeneralWebApi.Scheduler.csproj", "{E08E8300-88D8-ABA6-9DF9-6AA25733B7DD}"
EndProject
Global
	GlobalSection(SolutionConfigurationPlatforms) = preSolution
		Debug|Any CPU = Debug|Any CPU
		Debug|x64 = Debug|x64
		Debug|x86 = Debug|x86
		Release|Any CPU = Release|Any CPU
		Release|x64 = Release|x64
		Release|x86 = Release|x86
	EndGlobalSection
	GlobalSection(ProjectConfigurationPlatforms) = postSolution
		{477126AC-1E7E-8DE0-6DCA-E52693BB4643}.Debug|Any CPU.ActiveCfg = Debug|Any CPU
		{477126AC-1E7E-8DE0-6DCA-E52693BB4643}.Debug|Any CPU.Build.0 = Debug|Any CPU
		{477126AC-1E7E-8DE0-6DCA-E52693BB4643}.Debug|x64.ActiveCfg = Debug|Any CPU
		{477126AC-1E7E-8DE0-6DCA-E52693BB4643}.Debug|x64.Build.0 = Debug|Any CPU
		{477126AC-1E7E-8DE0-6DCA-E52693BB4643}.Debug|x86.ActiveCfg = Debug|Any CPU
		{477126AC-1E7E-8DE0-6DCA-E52693BB4643}.Debug|x86.Build.0 = Debug|Any CPU
		{477126AC-1E7E-8DE0-6DCA-E52693BB4643}.Release|Any CPU.ActiveCfg = Release|Any CPU
		{477126AC-1E7E-8DE0-6DCA-E52693BB4643}.Release|Any CPU.Build.0 = Release|Any CPU
		{477126AC-1E7E-8DE0-6DCA-E52693BB4643}.Release|x64.ActiveCfg = Release|Any CPU
		{477126AC-1E7E-8DE0-6DCA-E52693BB4643}.Release|x64.Build.0 = Release|Any CPU
		{477126AC-1E7E-8DE0-6DCA-E52693BB4643}.Release|x86.ActiveCfg = Release|Any CPU
		{477126AC-1E7E-8DE0-6DCA-E52693BB4643}.Release|x86.Build.0 = Release|Any CPU
		{6681484B-C75E-338D-B3FC-BBC8A91D1201}.Debug|Any CPU.ActiveCfg = Debug|Any CPU
		{6681484B-C75E-338D-B3FC-BBC8A91D1201}.Debug|Any CPU.Build.0 = Debug|Any CPU
		{6681484B-C75E-338D-B3FC-BBC8A91D1201}.Debug|x64.ActiveCfg = Debug|Any CPU
		{6681484B-C75E-338D-B3FC-BBC8A91D1201}.Debug|x64.Build.0 = Debug|Any CPU
		{6681484B-C75E-338D-B3FC-BBC8A91D1201}.Debug|x86.ActiveCfg = Debug|Any CPU
		{6681484B-C75E-338D-B3FC-BBC8A91D1201}.Debug|x86.Build.0 = Debug|Any CPU
		{6681484B-C75E-338D-B3FC-BBC8A91D1201}.Release|Any CPU.ActiveCfg = Release|Any CPU
		{6681484B-C75E-338D-B3FC-BBC8A91D1201}.Release|Any CPU.Build.0 = Release|Any CPU
		{6681484B-C75E-338D-B3FC-BBC8A91D1201}.Release|x64.ActiveCfg = Release|Any CPU
		{6681484B-C75E-338D-B3FC-BBC8A91D1201}.Release|x64.Build.0 = Release|Any CPU
		{6681484B-C75E-338D-B3FC-BBC8A91D1201}.Release|x86.ActiveCfg = Release|Any CPU
		{6681484B-C75E-338D-B3FC-BBC8A91D1201}.Release|x86.Build.0 = Release|Any CPU
		{90CF068C-85A3-24AA-E39D-AB50124A59A8}.Debug|Any CPU.ActiveCfg = Debug|Any CPU
		{90CF068C-85A3-24AA-E39D-AB50124A59A8}.Debug|Any CPU.Build.0 = Debug|Any CPU
		{90CF068C-85A3-24AA-E39D-AB50124A59A8}.Debug|x64.ActiveCfg = Debug|Any CPU
		{90CF068C-85A3-24AA-E39D-AB50124A59A8}.Debug|x64.Build.0 = Debug|Any CPU
		{90CF068C-85A3-24AA-E39D-AB50124A59A8}.Debug|x86.ActiveCfg = Debug|Any CPU
		{90CF068C-85A3-24AA-E39D-AB50124A59A8}.Debug|x86.Build.0 = Debug|Any CPU
		{90CF068C-85A3-24AA-E39D-AB50124A59A8}.Release|Any CPU.ActiveCfg = Release|Any CPU
		{90CF068C-85A3-24AA-E39D-AB50124A59A8}.Release|Any CPU.Build.0 = Release|Any CPU
		{90CF068C-85A3-24AA-E39D-AB50124A59A8}.Release|x64.ActiveCfg = Release|Any CPU
		{90CF068C-85A3-24AA-E39D-AB50124A59A8}.Release|x64.Build.0 = Release|Any CPU
		{90CF068C-85A3-24AA-E39D-AB50124A59A8}.Release|x86.ActiveCfg = Release|Any CPU
		{90CF068C-85A3-24AA-E39D-AB50124A59A8}.Release|x86.Build.0 = Release|Any CPU
		{D05A0B77-03E0-B32B-03D3-C427FE910DF9}.Debug|Any CPU.ActiveCfg = Debug|Any CPU
		{D05A0B77-03E0-B32B-03D3-C427FE910DF9}.Debug|Any CPU.Build.0 = Debug|Any CPU
		{D05A0B77-03E0-B32B-03D3-C427FE910DF9}.Debug|x64.ActiveCfg = Debug|Any CPU
		{D05A0B77-03E0-B32B-03D3-C427FE910DF9}.Debug|x64.Build.0 = Debug|Any CPU
		{D05A0B77-03E0-B32B-03D3-C427FE910DF9}.Debug|x86.ActiveCfg = Debug|Any CPU
		{D05A0B77-03E0-B32B-03D3-C427FE910DF9}.Debug|x86.Build.0 = Debug|Any CPU
		{D05A0B77-03E0-B32B-03D3-C427FE910DF9}.Release|Any CPU.ActiveCfg = Release|Any CPU
		{D05A0B77-03E0-B32B-03D3-C427FE910DF9}.Release|Any CPU.Build.0 = Release|Any CPU
		{D05A0B77-03E0-B32B-03D3-C427FE910DF9}.Release|x64.ActiveCfg = Release|Any CPU
		{D05A0B77-03E0-B32B-03D3-C427FE910DF9}.Release|x64.Build.0 = Release|Any CPU
		{D05A0B77-03E0-B32B-03D3-C427FE910DF9}.Release|x86.ActiveCfg = Release|Any CPU
		{D05A0B77-03E0-B32B-03D3-C427FE910DF9}.Release|x86.Build.0 = Release|Any CPU
		{AC371D73-F8DC-4F9E-0829-BEB2ECF4557B}.Debug|Any CPU.ActiveCfg = Debug|Any CPU
		{AC371D73-F8DC-4F9E-0829-BEB2ECF4557B}.Debug|Any CPU.Build.0 = Debug|Any CPU
		{AC371D73-F8DC-4F9E-0829-BEB2ECF4557B}.Debug|x64.ActiveCfg = Debug|Any CPU
		{AC371D73-F8DC-4F9E-0829-BEB2ECF4557B}.Debug|x64.Build.0 = Debug|Any CPU
		{AC371D73-F8DC-4F9E-0829-BEB2ECF4557B}.Debug|x86.ActiveCfg = Debug|Any CPU
		{AC371D73-F8DC-4F9E-0829-BEB2ECF4557B}.Debug|x86.Build.0 = Debug|Any CPU
		{AC371D73-F8DC-4F9E-0829-BEB2ECF4557B}.Release|Any CPU.ActiveCfg = Release|Any CPU
		{AC371D73-F8DC-4F9E-0829-BEB2ECF4557B}.Release|Any CPU.Build.0 = Release|Any CPU
		{AC371D73-F8DC-4F9E-0829-BEB2ECF4557B}.Release|x64.ActiveCfg = Release|Any CPU
		{AC371D73-F8DC-4F9E-0829-BEB2ECF4557B}.Release|x64.Build.0 = Release|Any CPU
		{AC371D73-F8DC-4F9E-0829-BEB2ECF4557B}.Release|x86.ActiveCfg = Release|Any CPU
		{AC371D73-F8DC-4F9E-0829-BEB2ECF4557B}.Release|x86.Build.0 = Release|Any CPU
		{78B78B7B-6A09-E68B-63D6-686C4773F0EC}.Debug|Any CPU.ActiveCfg = Debug|Any CPU
		{78B78B7B-6A09-E68B-63D6-686C4773F0EC}.Debug|Any CPU.Build.0 = Debug|Any CPU
		{78B78B7B-6A09-E68B-63D6-686C4773F0EC}.Debug|x64.ActiveCfg = Debug|Any CPU
		{78B78B7B-6A09-E68B-63D6-686C4773F0EC}.Debug|x64.Build.0 = Debug|Any CPU
		{78B78B7B-6A09-E68B-63D6-686C4773F0EC}.Debug|x86.ActiveCfg = Debug|Any CPU
		{78B78B7B-6A09-E68B-63D6-686C4773F0EC}.Debug|x86.Build.0 = Debug|Any CPU
		{78B78B7B-6A09-E68B-63D6-686C4773F0EC}.Release|Any CPU.ActiveCfg = Release|Any CPU
		{78B78B7B-6A09-E68B-63D6-686C4773F0EC}.Release|Any CPU.Build.0 = Release|Any CPU
		{78B78B7B-6A09-E68B-63D6-686C4773F0EC}.Release|x64.ActiveCfg = Release|Any CPU
		{78B78B7B-6A09-E68B-63D6-686C4773F0EC}.Release|x64.Build.0 = Release|Any CPU
		{78B78B7B-6A09-E68B-63D6-686C4773F0EC}.Release|x86.ActiveCfg = Release|Any CPU
		{78B78B7B-6A09-E68B-63D6-686C4773F0EC}.Release|x86.Build.0 = Release|Any CPU
		{6785F1C2-D17C-5CA5-CBB3-770E498D0A90}.Debug|Any CPU.ActiveCfg = Debug|Any CPU
		{6785F1C2-D17C-5CA5-CBB3-770E498D0A90}.Debug|Any CPU.Build.0 = Debug|Any CPU
		{6785F1C2-D17C-5CA5-CBB3-770E498D0A90}.Debug|x64.ActiveCfg = Debug|Any CPU
		{6785F1C2-D17C-5CA5-CBB3-770E498D0A90}.Debug|x64.Build.0 = Debug|Any CPU
		{6785F1C2-D17C-5CA5-CBB3-770E498D0A90}.Debug|x86.ActiveCfg = Debug|Any CPU
		{6785F1C2-D17C-5CA5-CBB3-770E498D0A90}.Debug|x86.Build.0 = Debug|Any CPU
		{6785F1C2-D17C-5CA5-CBB3-770E498D0A90}.Release|Any CPU.ActiveCfg = Release|Any CPU
		{6785F1C2-D17C-5CA5-CBB3-770E498D0A90}.Release|Any CPU.Build.0 = Release|Any CPU
		{6785F1C2-D17C-5CA5-CBB3-770E498D0A90}.Release|x64.ActiveCfg = Release|Any CPU
		{6785F1C2-D17C-5CA5-CBB3-770E498D0A90}.Release|x64.Build.0 = Release|Any CPU
		{6785F1C2-D17C-5CA5-CBB3-770E498D0A90}.Release|x86.ActiveCfg = Release|Any CPU
		{6785F1C2-D17C-5CA5-CBB3-770E498D0A90}.Release|x86.Build.0 = Release|Any CPU
		{4C519E76-5B68-E5FB-F8C5-5FDBA30C409A}.Debug|Any CPU.ActiveCfg = Debug|Any CPU
		{4C519E76-5B68-E5FB-F8C5-5FDBA30C409A}.Debug|Any CPU.Build.0 = Debug|Any CPU
		{4C519E76-5B68-E5FB-F8C5-5FDBA30C409A}.Debug|x64.ActiveCfg = Debug|Any CPU
		{4C519E76-5B68-E5FB-F8C5-5FDBA30C409A}.Debug|x64.Build.0 = Debug|Any CPU
		{4C519E76-5B68-E5FB-F8C5-5FDBA30C409A}.Debug|x86.ActiveCfg = Debug|Any CPU
		{4C519E76-5B68-E5FB-F8C5-5FDBA30C409A}.Debug|x86.Build.0 = Debug|Any CPU
		{4C519E76-5B68-E5FB-F8C5-5FDBA30C409A}.Release|Any CPU.ActiveCfg = Release|Any CPU
		{4C519E76-5B68-E5FB-F8C5-5FDBA30C409A}.Release|Any CPU.Build.0 = Release|Any CPU
		{4C519E76-5B68-E5FB-F8C5-5FDBA30C409A}.Release|x64.ActiveCfg = Release|Any CPU
		{4C519E76-5B68-E5FB-F8C5-5FDBA30C409A}.Release|x64.Build.0 = Release|Any CPU
		{4C519E76-5B68-E5FB-F8C5-5FDBA30C409A}.Release|x86.ActiveCfg = Release|Any CPU
		{4C519E76-5B68-E5FB-F8C5-5FDBA30C409A}.Release|x86.Build.0 = Release|Any CPU
		{CFEB2B2D-0AAF-5DED-9056-98750E11378B}.Debug|Any CPU.ActiveCfg = Debug|Any CPU
		{CFEB2B2D-0AAF-5DED-9056-98750E11378B}.Debug|Any CPU.Build.0 = Debug|Any CPU
		{CFEB2B2D-0AAF-5DED-9056-98750E11378B}.Debug|x64.ActiveCfg = Debug|Any CPU
		{CFEB2B2D-0AAF-5DED-9056-98750E11378B}.Debug|x64.Build.0 = Debug|Any CPU
		{CFEB2B2D-0AAF-5DED-9056-98750E11378B}.Debug|x86.ActiveCfg = Debug|Any CPU
		{CFEB2B2D-0AAF-5DED-9056-98750E11378B}.Debug|x86.Build.0 = Debug|Any CPU
		{CFEB2B2D-0AAF-5DED-9056-98750E11378B}.Release|Any CPU.ActiveCfg = Release|Any CPU
		{CFEB2B2D-0AAF-5DED-9056-98750E11378B}.Release|Any CPU.Build.0 = Release|Any CPU
		{CFEB2B2D-0AAF-5DED-9056-98750E11378B}.Release|x64.ActiveCfg = Release|Any CPU
		{CFEB2B2D-0AAF-5DED-9056-98750E11378B}.Release|x64.Build.0 = Release|Any CPU
		{CFEB2B2D-0AAF-5DED-9056-98750E11378B}.Release|x86.ActiveCfg = Release|Any CPU
		{CFEB2B2D-0AAF-5DED-9056-98750E11378B}.Release|x86.Build.0 = Release|Any CPU
		{4BCA1FBB-3D9F-04C1-BE50-64DE054192C3}.Debug|Any CPU.ActiveCfg = Debug|Any CPU
		{4BCA1FBB-3D9F-04C1-BE50-64DE054192C3}.Debug|Any CPU.Build.0 = Debug|Any CPU
		{4BCA1FBB-3D9F-04C1-BE50-64DE054192C3}.Debug|x64.ActiveCfg = Debug|Any CPU
		{4BCA1FBB-3D9F-04C1-BE50-64DE054192C3}.Debug|x64.Build.0 = Debug|Any CPU
		{4BCA1FBB-3D9F-04C1-BE50-64DE054192C3}.Debug|x86.ActiveCfg = Debug|Any CPU
		{4BCA1FBB-3D9F-04C1-BE50-64DE054192C3}.Debug|x86.Build.0 = Debug|Any CPU
		{4BCA1FBB-3D9F-04C1-BE50-64DE054192C3}.Release|Any CPU.ActiveCfg = Release|Any CPU
		{4BCA1FBB-3D9F-04C1-BE50-64DE054192C3}.Release|Any CPU.Build.0 = Release|Any CPU
		{4BCA1FBB-3D9F-04C1-BE50-64DE054192C3}.Release|x64.ActiveCfg = Release|Any CPU
		{4BCA1FBB-3D9F-04C1-BE50-64DE054192C3}.Release|x64.Build.0 = Release|Any CPU
		{4BCA1FBB-3D9F-04C1-BE50-64DE054192C3}.Release|x86.ActiveCfg = Release|Any CPU
		{4BCA1FBB-3D9F-04C1-BE50-64DE054192C3}.Release|x86.Build.0 = Release|Any CPU
		{3E702B45-A6A4-7EEC-BE54-69D5705385FF}.Debug|Any CPU.ActiveCfg = Debug|Any CPU
		{3E702B45-A6A4-7EEC-BE54-69D5705385FF}.Debug|Any CPU.Build.0 = Debug|Any CPU
		{3E702B45-A6A4-7EEC-BE54-69D5705385FF}.Debug|x64.ActiveCfg = Debug|Any CPU
		{3E702B45-A6A4-7EEC-BE54-69D5705385FF}.Debug|x64.Build.0 = Debug|Any CPU
		{3E702B45-A6A4-7EEC-BE54-69D5705385FF}.Debug|x86.ActiveCfg = Debug|Any CPU
		{3E702B45-A6A4-7EEC-BE54-69D5705385FF}.Debug|x86.Build.0 = Debug|Any CPU
		{3E702B45-A6A4-7EEC-BE54-69D5705385FF}.Release|Any CPU.ActiveCfg = Release|Any CPU
		{3E702B45-A6A4-7EEC-BE54-69D5705385FF}.Release|Any CPU.Build.0 = Release|Any CPU
		{3E702B45-A6A4-7EEC-BE54-69D5705385FF}.Release|x64.ActiveCfg = Release|Any CPU
		{3E702B45-A6A4-7EEC-BE54-69D5705385FF}.Release|x64.Build.0 = Release|Any CPU
		{3E702B45-A6A4-7EEC-BE54-69D5705385FF}.Release|x86.ActiveCfg = Release|Any CPU
		{3E702B45-A6A4-7EEC-BE54-69D5705385FF}.Release|x86.Build.0 = Release|Any CPU
		{421A38B6-2191-9138-90DF-C3D853A38927}.Debug|Any CPU.ActiveCfg = Debug|Any CPU
		{421A38B6-2191-9138-90DF-C3D853A38927}.Debug|Any CPU.Build.0 = Debug|Any CPU
		{421A38B6-2191-9138-90DF-C3D853A38927}.Debug|x64.ActiveCfg = Debug|Any CPU
		{421A38B6-2191-9138-90DF-C3D853A38927}.Debug|x64.Build.0 = Debug|Any CPU
		{421A38B6-2191-9138-90DF-C3D853A38927}.Debug|x86.ActiveCfg = Debug|Any CPU
		{421A38B6-2191-9138-90DF-C3D853A38927}.Debug|x86.Build.0 = Debug|Any CPU
		{421A38B6-2191-9138-90DF-C3D853A38927}.Release|Any CPU.ActiveCfg = Release|Any CPU
		{421A38B6-2191-9138-90DF-C3D853A38927}.Release|Any CPU.Build.0 = Release|Any CPU
		{421A38B6-2191-9138-90DF-C3D853A38927}.Release|x64.ActiveCfg = Release|Any CPU
		{421A38B6-2191-9138-90DF-C3D853A38927}.Release|x64.Build.0 = Release|Any CPU
		{421A38B6-2191-9138-90DF-C3D853A38927}.Release|x86.ActiveCfg = Release|Any CPU
		{421A38B6-2191-9138-90DF-C3D853A38927}.Release|x86.Build.0 = Release|Any CPU
		{0C029B5F-C633-C7C5-7877-589570458E4E}.Debug|Any CPU.ActiveCfg = Debug|Any CPU
		{0C029B5F-C633-C7C5-7877-589570458E4E}.Debug|Any CPU.Build.0 = Debug|Any CPU
		{0C029B5F-C633-C7C5-7877-589570458E4E}.Debug|x64.ActiveCfg = Debug|Any CPU
		{0C029B5F-C633-C7C5-7877-589570458E4E}.Debug|x64.Build.0 = Debug|Any CPU
		{0C029B5F-C633-C7C5-7877-589570458E4E}.Debug|x86.ActiveCfg = Debug|Any CPU
		{0C029B5F-C633-C7C5-7877-589570458E4E}.Debug|x86.Build.0 = Debug|Any CPU
		{0C029B5F-C633-C7C5-7877-589570458E4E}.Release|Any CPU.ActiveCfg = Release|Any CPU
		{0C029B5F-C633-C7C5-7877-589570458E4E}.Release|Any CPU.Build.0 = Release|Any CPU
		{0C029B5F-C633-C7C5-7877-589570458E4E}.Release|x64.ActiveCfg = Release|Any CPU
		{0C029B5F-C633-C7C5-7877-589570458E4E}.Release|x64.Build.0 = Release|Any CPU
		{0C029B5F-C633-C7C5-7877-589570458E4E}.Release|x86.ActiveCfg = Release|Any CPU
		{0C029B5F-C633-C7C5-7877-589570458E4E}.Release|x86.Build.0 = Release|Any CPU
		{E489A196-ECE8-75F2-EE1A-70E4926DDDDF}.Debug|Any CPU.ActiveCfg = Debug|Any CPU
		{E489A196-ECE8-75F2-EE1A-70E4926DDDDF}.Debug|Any CPU.Build.0 = Debug|Any CPU
		{E489A196-ECE8-75F2-EE1A-70E4926DDDDF}.Debug|x64.ActiveCfg = Debug|Any CPU
		{E489A196-ECE8-75F2-EE1A-70E4926DDDDF}.Debug|x64.Build.0 = Debug|Any CPU
		{E489A196-ECE8-75F2-EE1A-70E4926DDDDF}.Debug|x86.ActiveCfg = Debug|Any CPU
		{E489A196-ECE8-75F2-EE1A-70E4926DDDDF}.Debug|x86.Build.0 = Debug|Any CPU
		{E489A196-ECE8-75F2-EE1A-70E4926DDDDF}.Release|Any CPU.ActiveCfg = Release|Any CPU
		{E489A196-ECE8-75F2-EE1A-70E4926DDDDF}.Release|Any CPU.Build.0 = Release|Any CPU
		{E489A196-ECE8-75F2-EE1A-70E4926DDDDF}.Release|x64.ActiveCfg = Release|Any CPU
		{E489A196-ECE8-75F2-EE1A-70E4926DDDDF}.Release|x64.Build.0 = Release|Any CPU
		{E489A196-ECE8-75F2-EE1A-70E4926DDDDF}.Release|x86.ActiveCfg = Release|Any CPU
		{E489A196-ECE8-75F2-EE1A-70E4926DDDDF}.Release|x86.Build.0 = Release|Any CPU
		{8A8492AB-37D6-1E2B-FDAF-3C56A46E434B}.Debug|Any CPU.ActiveCfg = Debug|Any CPU
		{8A8492AB-37D6-1E2B-FDAF-3C56A46E434B}.Debug|Any CPU.Build.0 = Debug|Any CPU
		{8A8492AB-37D6-1E2B-FDAF-3C56A46E434B}.Debug|x64.ActiveCfg = Debug|Any CPU
		{8A8492AB-37D6-1E2B-FDAF-3C56A46E434B}.Debug|x64.Build.0 = Debug|Any CPU
		{8A8492AB-37D6-1E2B-FDAF-3C56A46E434B}.Debug|x86.ActiveCfg = Debug|Any CPU
		{8A8492AB-37D6-1E2B-FDAF-3C56A46E434B}.Debug|x86.Build.0 = Debug|Any CPU
		{8A8492AB-37D6-1E2B-FDAF-3C56A46E434B}.Release|Any CPU.ActiveCfg = Release|Any CPU
		{8A8492AB-37D6-1E2B-FDAF-3C56A46E434B}.Release|Any CPU.Build.0 = Release|Any CPU
		{8A8492AB-37D6-1E2B-FDAF-3C56A46E434B}.Release|x64.ActiveCfg = Release|Any CPU
		{8A8492AB-37D6-1E2B-FDAF-3C56A46E434B}.Release|x64.Build.0 = Release|Any CPU
		{8A8492AB-37D6-1E2B-FDAF-3C56A46E434B}.Release|x86.ActiveCfg = Release|Any CPU
		{8A8492AB-37D6-1E2B-FDAF-3C56A46E434B}.Release|x86.Build.0 = Release|Any CPU
		{0DA4B988-A899-5FE2-B14D-20F66A4EB355}.Debug|Any CPU.ActiveCfg = Debug|Any CPU
		{0DA4B988-A899-5FE2-B14D-20F66A4EB355}.Debug|Any CPU.Build.0 = Debug|Any CPU
		{0DA4B988-A899-5FE2-B14D-20F66A4EB355}.Debug|x64.ActiveCfg = Debug|Any CPU
		{0DA4B988-A899-5FE2-B14D-20F66A4EB355}.Debug|x64.Build.0 = Debug|Any CPU
		{0DA4B988-A899-5FE2-B14D-20F66A4EB355}.Debug|x86.ActiveCfg = Debug|Any CPU
		{0DA4B988-A899-5FE2-B14D-20F66A4EB355}.Debug|x86.Build.0 = Debug|Any CPU
		{0DA4B988-A899-5FE2-B14D-20F66A4EB355}.Release|Any CPU.ActiveCfg = Release|Any CPU
		{0DA4B988-A899-5FE2-B14D-20F66A4EB355}.Release|Any CPU.Build.0 = Release|Any CPU
		{0DA4B988-A899-5FE2-B14D-20F66A4EB355}.Release|x64.ActiveCfg = Release|Any CPU
		{0DA4B988-A899-5FE2-B14D-20F66A4EB355}.Release|x64.Build.0 = Release|Any CPU
		{0DA4B988-A899-5FE2-B14D-20F66A4EB355}.Release|x86.ActiveCfg = Release|Any CPU
		{0DA4B988-A899-5FE2-B14D-20F66A4EB355}.Release|x86.Build.0 = Release|Any CPU
		{35618E09-51ED-046A-3CE3-7EC37BE5C3B7}.Debug|Any CPU.ActiveCfg = Debug|Any CPU
		{35618E09-51ED-046A-3CE3-7EC37BE5C3B7}.Debug|Any CPU.Build.0 = Debug|Any CPU
		{35618E09-51ED-046A-3CE3-7EC37BE5C3B7}.Debug|x64.ActiveCfg = Debug|Any CPU
		{35618E09-51ED-046A-3CE3-7EC37BE5C3B7}.Debug|x64.Build.0 = Debug|Any CPU
		{35618E09-51ED-046A-3CE3-7EC37BE5C3B7}.Debug|x86.ActiveCfg = Debug|Any CPU
		{35618E09-51ED-046A-3CE3-7EC37BE5C3B7}.Debug|x86.Build.0 = Debug|Any CPU
		{35618E09-51ED-046A-3CE3-7EC37BE5C3B7}.Release|Any CPU.ActiveCfg = Release|Any CPU
		{35618E09-51ED-046A-3CE3-7EC37BE5C3B7}.Release|Any CPU.Build.0 = Release|Any CPU
		{35618E09-51ED-046A-3CE3-7EC37BE5C3B7}.Release|x64.ActiveCfg = Release|Any CPU
		{35618E09-51ED-046A-3CE3-7EC37BE5C3B7}.Release|x64.Build.0 = Release|Any CPU
		{35618E09-51ED-046A-3CE3-7EC37BE5C3B7}.Release|x86.ActiveCfg = Release|Any CPU
		{35618E09-51ED-046A-3CE3-7EC37BE5C3B7}.Release|x86.Build.0 = Release|Any CPU
		{E08E8300-88D8-ABA6-9DF9-6AA25733B7DD}.Debug|Any CPU.ActiveCfg = Debug|Any CPU
		{E08E8300-88D8-ABA6-9DF9-6AA25733B7DD}.Debug|Any CPU.Build.0 = Debug|Any CPU
		{E08E8300-88D8-ABA6-9DF9-6AA25733B7DD}.Debug|x64.ActiveCfg = Debug|Any CPU
		{E08E8300-88D8-ABA6-9DF9-6AA25733B7DD}.Debug|x64.Build.0 = Debug|Any CPU
		{E08E8300-88D8-ABA6-9DF9-6AA25733B7DD}.Debug|x86.ActiveCfg = Debug|Any CPU
		{E08E8300-88D8-ABA6-9DF9-6AA25733B7DD}.Debug|x86.Build.0 = Debug|Any CPU
		{E08E8300-88D8-ABA6-9DF9-6AA25733B7DD}.Release|Any CPU.ActiveCfg = Release|Any CPU
		{E08E8300-88D8-ABA6-9DF9-6AA25733B7DD}.Release|Any CPU.Build.0 = Release|Any CPU
		{E08E8300-88D8-ABA6-9DF9-6AA25733B7DD}.Release|x64.ActiveCfg = Release|Any CPU
		{E08E8300-88D8-ABA6-9DF9-6AA25733B7DD}.Release|x64.Build.0 = Release|Any CPU
		{E08E8300-88D8-ABA6-9DF9-6AA25733B7DD}.Release|x86.ActiveCfg = Release|Any CPU
		{E08E8300-88D8-ABA6-9DF9-6AA25733B7DD}.Release|x86.Build.0 = Release|Any CPU
	EndGlobalSection
	GlobalSection(SolutionProperties) = preSolution
		HideSolutionNode = FALSE
	EndGlobalSection
	GlobalSection(NestedProjects) = preSolution
		{CA86C925-0FFC-48D0-96E4-520DBBC7AE9D} = {02EA681E-C7D8-13C7-8484-4AC65E1B71E8}
		{84E1922C-F5F3-4624-AD75-EA6CE6678B16} = {02EA681E-C7D8-13C7-8484-4AC65E1B71E8}
		{B1893C2C-0EED-4E0A-B909-F4B29DEB4E93} = {02EA681E-C7D8-13C7-8484-4AC65E1B71E8}
		{5A57D5E2-1889-41F4-9C1E-A1DA71E0AF28} = {02EA681E-C7D8-13C7-8484-4AC65E1B71E8}
		{3F1C4D5A-82CE-4423-9B11-DB584025079F} = {02EA681E-C7D8-13C7-8484-4AC65E1B71E8}
		{477126AC-1E7E-8DE0-6DCA-E52693BB4643} = {B1893C2C-0EED-4E0A-B909-F4B29DEB4E93}
		{6681484B-C75E-338D-B3FC-BBC8A91D1201} = {B1893C2C-0EED-4E0A-B909-F4B29DEB4E93}
		{90CF068C-85A3-24AA-E39D-AB50124A59A8} = {3F1C4D5A-82CE-4423-9B11-DB584025079F}
		{D05A0B77-03E0-B32B-03D3-C427FE910DF9} = {3F1C4D5A-82CE-4423-9B11-DB584025079F}
		{AC371D73-F8DC-4F9E-0829-BEB2ECF4557B} = {3F1C4D5A-82CE-4423-9B11-DB584025079F}
		{78B78B7B-6A09-E68B-63D6-686C4773F0EC} = {3F1C4D5A-82CE-4423-9B11-DB584025079F}
		{6785F1C2-D17C-5CA5-CBB3-770E498D0A90} = {5A57D5E2-1889-41F4-9C1E-A1DA71E0AF28}
		{4C519E76-5B68-E5FB-F8C5-5FDBA30C409A} = {5A57D5E2-1889-41F4-9C1E-A1DA71E0AF28}
		{CFEB2B2D-0AAF-5DED-9056-98750E11378B} = {84E1922C-F5F3-4624-AD75-EA6CE6678B16}
		{4BCA1FBB-3D9F-04C1-BE50-64DE054192C3} = {84E1922C-F5F3-4624-AD75-EA6CE6678B16}
		{3E702B45-A6A4-7EEC-BE54-69D5705385FF} = {84E1922C-F5F3-4624-AD75-EA6CE6678B16}
		{421A38B6-2191-9138-90DF-C3D853A38927} = {84E1922C-F5F3-4624-AD75-EA6CE6678B16}
		{0C029B5F-C633-C7C5-7877-589570458E4E} = {84E1922C-F5F3-4624-AD75-EA6CE6678B16}
		{E489A196-ECE8-75F2-EE1A-70E4926DDDDF} = {CA86C925-0FFC-48D0-96E4-520DBBC7AE9D}
		{8A8492AB-37D6-1E2B-FDAF-3C56A46E434B} = {CA86C925-0FFC-48D0-96E4-520DBBC7AE9D}
		{F7E8214F-53C2-3214-ED42-401E85FD48C9} = {827E0CD3-B72D-47B6-A68D-7590B98EB39B}
		{0DA4B988-A899-5FE2-B14D-20F66A4EB355} = {84E1922C-F5F3-4624-AD75-EA6CE6678B16}
		{35618E09-51ED-046A-3CE3-7EC37BE5C3B7} = {84E1922C-F5F3-4624-AD75-EA6CE6678B16}
		{E08E8300-88D8-ABA6-9DF9-6AA25733B7DD} = {84E1922C-F5F3-4624-AD75-EA6CE6678B16}
	EndGlobalSection
	GlobalSection(ExtensibilityGlobals) = postSolution
		SolutionGuid = {899108CA-16BD-4C44-A59B-A8A9A948EE93}
	EndGlobalSection
EndGlobal
